
Microsoft Visual Studio Solution File, Format Version 12.00
# Visual Studio 15
VisualStudioVersion = 15.0.27428.2037
MinimumVisualStudioVersion = 10.0.40219.1
Project("{FAE04EC0-301F-11D3-BF4B-00C04F79EFBC}") = "Sustan", "Sustan\Sustan.csproj", "{6B210E05-A630-4387-8003-15EF295285FF}"
EndProject
Project("{FAE04EC0-301F-11D3-BF4B-00C04F79EFBC}") = "Sustan.Tests", "Sustan.Tests\Sustan.Tests.csproj", "{F5549B40-6A48-4DA4-A175-9F4C68925DFF}"
EndProject
Global
	GlobalSection(SolutionConfigurationPlatforms) = preSolution
		Debug|Any CPU = Debug|Any CPU
		Release|Any CPU = Release|Any CPU
	EndGlobalSection
	GlobalSection(ProjectConfigurationPlatforms) = postSolution
		{6B210E05-A630-4387-8003-15EF295285FF}.Debug|Any CPU.ActiveCfg = Debug|Any CPU
		{6B210E05-A630-4387-8003-15EF295285FF}.Debug|Any CPU.Build.0 = Debug|Any CPU
		{6B210E05-A630-4387-8003-15EF295285FF}.Release|Any CPU.ActiveCfg = Release|Any CPU
		{6B210E05-A630-4387-8003-15EF295285FF}.Release|Any CPU.Build.0 = Release|Any CPU
		{F5549B40-6A48-4DA4-A175-9F4C68925DFF}.Debug|Any CPU.ActiveCfg = Debug|Any CPU
		{F5549B40-6A48-4DA4-A175-9F4C68925DFF}.Debug|Any CPU.Build.0 = Debug|Any CPU
		{F5549B40-6A48-4DA4-A175-9F4C68925DFF}.Release|Any CPU.ActiveCfg = Release|Any CPU
		{F5549B40-6A48-4DA4-A175-9F4C68925DFF}.Release|Any CPU.Build.0 = Release|Any CPU
	EndGlobalSection
	GlobalSection(SolutionProperties) = preSolution
		HideSolutionNode = FALSE
	EndGlobalSection
	GlobalSection(ExtensibilityGlobals) = postSolution
		SolutionGuid = {DFEBD7F4-A11A-4D72-BEFA-511CB7ECF263}
	EndGlobalSection
EndGlobal
